
Microsoft Visual Studio Solution File, Format Version 12.00
# Visual Studio Version 16
VisualStudioVersion = 16.0.31729.503
MinimumVisualStudioVersion = 10.0.40219.1
Project("{FAE04EC0-301F-11D3-BF4B-00C04F79EFBC}") = "students", "students\students.csproj", "{3E29F00D-570F-4278-ABF8-39CA1F5D19EB}"
EndProject
Global
	GlobalSection(SolutionConfigurationPlatforms) = preSolution
		Debug|Any CPU = Debug|Any CPU
		Release|Any CPU = Release|Any CPU
	EndGlobalSection
	GlobalSection(ProjectConfigurationPlatforms) = postSolution
		{3E29F00D-570F-4278-ABF8-39CA1F5D19EB}.Debug|Any CPU.ActiveCfg = Debug|Any CPU
		{3E29F00D-570F-4278-ABF8-39CA1F5D19EB}.Debug|Any CPU.Build.0 = Debug|Any CPU
		{3E29F00D-570F-4278-ABF8-39CA1F5D19EB}.Release|Any CPU.ActiveCfg = Release|Any CPU
		{3E29F00D-570F-4278-ABF8-39CA1F5D19EB}.Release|Any CPU.Build.0 = Release|Any CPU
	EndGlobalSection
	GlobalSection(SolutionProperties) = preSolution
		HideSolutionNode = FALSE
	EndGlobalSection
	GlobalSection(ExtensibilityGlobals) = postSolution
		SolutionGuid = {C0D659C6-F6F9-4983-B8C9-7CC5C6AE4247}
	EndGlobalSection
EndGlobal
